
Microsoft Visual Studio Solution File, Format Version 12.00
# Visual Studio Version 17
VisualStudioVersion = 17.7.34024.191
MinimumVisualStudioVersion = 10.0.40219.1
Project("{FAE04EC0-301F-11D3-BF4B-00C04F79EFBC}") = "ShortCut", "ShortCut.csproj", "{F21584D1-6D19-4DD6-8E31-F8914AF62606}"
EndProject
Global
	GlobalSection(SolutionConfigurationPlatforms) = preSolution
		Debug|Any CPU = Debug|Any CPU
		Release|Any CPU = Release|Any CPU
	EndGlobalSection
	GlobalSection(ProjectConfigurationPlatforms) = postSolution
		{F21584D1-6D19-4DD6-8E31-F8914AF62606}.Debug|Any CPU.ActiveCfg = Debug|Any CPU
		{F21584D1-6D19-4DD6-8E31-F8914AF62606}.Debug|Any CPU.Build.0 = Debug|Any CPU
		{F21584D1-6D19-4DD6-8E31-F8914AF62606}.Release|Any CPU.ActiveCfg = Release|Any CPU
		{F21584D1-6D19-4DD6-8E31-F8914AF62606}.Release|Any CPU.Build.0 = Release|Any CPU
	EndGlobalSection
	GlobalSection(SolutionProperties) = preSolution
		HideSolutionNode = FALSE
	EndGlobalSection
	GlobalSection(ExtensibilityGlobals) = postSolution
		SolutionGuid = {35D01FF4-D3C4-4A08-A0A8-FF0F438F9DB6}
	EndGlobalSection
EndGlobal
